
Microsoft Visual Studio Solution File, Format Version 12.00
# Visual Studio 15
VisualStudioVersion = 15.0.28307.1062
MinimumVisualStudioVersion = 10.0.40219.1
Project("{888888A0-9F3D-457C-B088-3A5042F75D52}") = "RPtest", "RPtest\RPtest.pyproj", "{FD17736B-13CA-4845-B94F-668ACCAA3A02}"
EndProject
Global
	GlobalSection(SolutionConfigurationPlatforms) = preSolution
		Debug|Any CPU = Debug|Any CPU
		Release|Any CPU = Release|Any CPU
	EndGlobalSection
	GlobalSection(ProjectConfigurationPlatforms) = postSolution
		{FD17736B-13CA-4845-B94F-668ACCAA3A02}.Debug|Any CPU.ActiveCfg = Debug|Any CPU
		{FD17736B-13CA-4845-B94F-668ACCAA3A02}.Release|Any CPU.ActiveCfg = Release|Any CPU
	EndGlobalSection
	GlobalSection(SolutionProperties) = preSolution
		HideSolutionNode = FALSE
	EndGlobalSection
	GlobalSection(ExtensibilityGlobals) = postSolution
		SolutionGuid = {06A12137-4839-402D-BE83-A81CA5886694}
	EndGlobalSection
EndGlobal
